{
  "name": "be-rewritten",
  "version": "0.0.0",
  "lockfileVersion": 2,
  "requires": true,
  "packages": {
    "": {
      "name": "be-rewritten",
      "version": "0.0.0",
      "license": "MIT",
      "dependencies": {
        "be-written": "0.0.4"
      }
    },
    "node_modules/be-based": {
      "version": "0.0.27",
      "resolved": "https://registry.npmjs.org/be-based/-/be-based-0.0.27.tgz",
      "integrity": "sha512-+QVupdBjWuKgxZYjp00mw6dy8JTvJTSWntMDvbjSopel0G/RRB6rpox8FYhkYVFMl0rXE8okMaMqwODYHe55Ig==",
      "dependencies": {
        "be-decorated": "0.0.206",
        "be-hive": "0.0.78",
        "trans-render": "0.0.650"
      }
    },
    "node_modules/be-decorated": {
      "version": "0.0.206",
      "resolved": "https://registry.npmjs.org/be-decorated/-/be-decorated-0.0.206.tgz",
      "integrity": "sha512-IIaF8LOpGSkI/hKtafaL/LmKNxODQgSi+jO6YkacU1Cdjt8jpncGN5CuEFztiVMhur04pT09ioj6Aa+ZipwzwA==",
      "dependencies": {
        "trans-render": "0.0.650"
      }
    },
    "node_modules/be-hive": {
      "version": "0.0.78",
      "resolved": "https://registry.npmjs.org/be-hive/-/be-hive-0.0.78.tgz",
      "integrity": "sha512-I/whLwIKhTnIqbCg8qQoYli3R83t664f27Q7PlX8Z4EtRNs7OQE0XzgX+Y1XhQD8LzNkyZDsSubH1N3VD9gGSw=="
    },
    "node_modules/be-written": {
      "version": "0.0.4",
      "resolved": "https://registry.npmjs.org/be-written/-/be-written-0.0.4.tgz",
      "integrity": "sha512-gSRE0nPo2ZwRFnppTy7xkKksuT4UMLSHcGpimCNzqJ0gpdtTLaziNIKuCYquWbW0+CramaYMMmWxA5NE7aVzJA==",
      "dependencies": {
        "be-based": "0.0.27",
        "be-decorated": "0.0.206",
        "be-hive": "0.0.78",
        "stream-orator": "0.0.11"
      }
    },
    "node_modules/stream-orator": {
      "version": "0.0.11",
      "resolved": "https://registry.npmjs.org/stream-orator/-/stream-orator-0.0.11.tgz",
      "integrity": "sha512-gu8qFqolgu3GbW6CKHkTBpfbmeYGOXEnoH0GkvIWR5BXL+kgYd91srsxySZPdarCzsHzs+seEauywZDt6EF0wg=="
    },
    "node_modules/trans-render": {
      "version": "0.0.650",
      "resolved": "https://registry.npmjs.org/trans-render/-/trans-render-0.0.650.tgz",
      "integrity": "sha512-/jkFZWb5uXROQGnpuh5pZ3M+M9C9MJFhwBTtpckDEf2ReKP/OPTcRmMkmCsLFsLdn5NSaxVHnq9gMNErjdJebA=="
    }
  },
  "dependencies": {
    "be-based": {
      "version": "0.0.27",
      "resolved": "https://registry.npmjs.org/be-based/-/be-based-0.0.27.tgz",
      "integrity": "sha512-+QVupdBjWuKgxZYjp00mw6dy8JTvJTSWntMDvbjSopel0G/RRB6rpox8FYhkYVFMl0rXE8okMaMqwODYHe55Ig==",
      "requires": {
        "be-decorated": "0.0.206",
        "be-hive": "0.0.78",
        "trans-render": "0.0.650"
      }
    },
    "be-decorated": {
      "version": "0.0.206",
      "resolved": "https://registry.npmjs.org/be-decorated/-/be-decorated-0.0.206.tgz",
      "integrity": "sha512-IIaF8LOpGSkI/hKtafaL/LmKNxODQgSi+jO6YkacU1Cdjt8jpncGN5CuEFztiVMhur04pT09ioj6Aa+ZipwzwA==",
      "requires": {
        "trans-render": "0.0.650"
      }
    },
    "be-hive": {
      "version": "0.0.78",
      "resolved": "https://registry.npmjs.org/be-hive/-/be-hive-0.0.78.tgz",
      "integrity": "sha512-I/whLwIKhTnIqbCg8qQoYli3R83t664f27Q7PlX8Z4EtRNs7OQE0XzgX+Y1XhQD8LzNkyZDsSubH1N3VD9gGSw=="
    },
    "be-written": {
      "version": "0.0.4",
      "resolved": "https://registry.npmjs.org/be-written/-/be-written-0.0.4.tgz",
      "integrity": "sha512-gSRE0nPo2ZwRFnppTy7xkKksuT4UMLSHcGpimCNzqJ0gpdtTLaziNIKuCYquWbW0+CramaYMMmWxA5NE7aVzJA==",
      "requires": {
        "be-based": "0.0.27",
        "be-decorated": "0.0.206",
        "be-hive": "0.0.78",
        "stream-orator": "0.0.11"
      }
    },
    "stream-orator": {
      "version": "0.0.11",
      "resolved": "https://registry.npmjs.org/stream-orator/-/stream-orator-0.0.11.tgz",
      "integrity": "sha512-gu8qFqolgu3GbW6CKHkTBpfbmeYGOXEnoH0GkvIWR5BXL+kgYd91srsxySZPdarCzsHzs+seEauywZDt6EF0wg=="
    },
    "trans-render": {
      "version": "0.0.650",
      "resolved": "https://registry.npmjs.org/trans-render/-/trans-render-0.0.650.tgz",
      "integrity": "sha512-/jkFZWb5uXROQGnpuh5pZ3M+M9C9MJFhwBTtpckDEf2ReKP/OPTcRmMkmCsLFsLdn5NSaxVHnq9gMNErjdJebA=="
    }
  }
}
